// !$*UTF8*$!
{
	archiveVersion = 1;
	classes = {
	};
	objectVersion = 46;
	objects = {

/* Begin PBXBuildFile section */
		8E483B5E19B2A0D400454BDA /* AppDelegate.swift in Sources */ = {isa = PBXBuildFile; fileRef = 8E483B5D19B2A0D400454BDA /* AppDelegate.swift */; };
		8E483B6019B2A0D400454BDA /* WeatherViewController.swift in Sources */ = {isa = PBXBuildFile; fileRef = 8E483B5F19B2A0D400454BDA /* WeatherViewController.swift */; };
		8E483B6519B2A0D400454BDA /* Images.xcassets in Resources */ = {isa = PBXBuildFile; fileRef = 8E483B6419B2A0D400454BDA /* Images.xcassets */; };
		8E483B7119B2A0D400454BDA /* ystrdyTests.swift in Sources */ = {isa = PBXBuildFile; fileRef = 8E483B7019B2A0D400454BDA /* ystrdyTests.swift */; };
		8E75ED3C19B3C24600126C6C /* libReactiveCocoa-iOS.a in Frameworks */ = {isa = PBXBuildFile; fileRef = 8EC0A08B19B3C04C003DB22C /* libReactiveCocoa-iOS.a */; };
		8E9D0AA719B3CF8500756C17 /* WeatherViewModel.swift in Sources */ = {isa = PBXBuildFile; fileRef = 8E9D0AA619B3CF8500756C17 /* WeatherViewModel.swift */; };
		8E9D0AA919B3CFC700756C17 /* ViewModelServices.swift in Sources */ = {isa = PBXBuildFile; fileRef = 8E9D0AA819B3CFC700756C17 /* ViewModelServices.swift */; };
		8E9D0AAB19B3D1AD00756C17 /* WeatherViewController.xib in Resources */ = {isa = PBXBuildFile; fileRef = 8E9D0AAA19B3D1AD00756C17 /* WeatherViewController.xib */; };
		8E9D0AB219B3D5F000756C17 /* UIColor+Ystrdy.swift in Sources */ = {isa = PBXBuildFile; fileRef = 8E9D0AB119B3D5F000756C17 /* UIColor+Ystrdy.swift */; };
		8E9D0ABD19B422EB00756C17 /* RAC.swift in Sources */ = {isa = PBXBuildFile; fileRef = 8E9D0ABA19B422EB00756C17 /* RAC.swift */; };
		8E9D0ABE19B422EB00756C17 /* RACObserve.swift in Sources */ = {isa = PBXBuildFile; fileRef = 8E9D0ABB19B422EB00756C17 /* RACObserve.swift */; };
		8E9D0ABF19B422EB00756C17 /* TableViewBindingHelper.swift in Sources */ = {isa = PBXBuildFile; fileRef = 8E9D0ABC19B422EB00756C17 /* TableViewBindingHelper.swift */; };
		8E9D0AC119B4269000756C17 /* WeatherSearchImp.swift in Sources */ = {isa = PBXBuildFile; fileRef = 8E9D0AC019B4269000756C17 /* WeatherSearchImp.swift */; };
		8EAE5FE919B3C5F400C028E7 /* RACSignal+Extensions.swift in Sources */ = {isa = PBXBuildFile; fileRef = 8EAE5FE819B3C5F400C028E7 /* RACSignal+Extensions.swift */; };
		8EB57B9D19D880A8000FA08D /* json.swift in Sources */ = {isa = PBXBuildFile; fileRef = 8EB57B9C19D880A8000FA08D /* json.swift */; };
		8ECC06D619C63833001218EC /* Weather.swift in Sources */ = {isa = PBXBuildFile; fileRef = 8ECC06D519C63833001218EC /* Weather.swift */; };
		8ECC06D819C6393E001218EC /* WeatherSearch.swift in Sources */ = {isa = PBXBuildFile; fileRef = 8ECC06D719C6393E001218EC /* WeatherSearch.swift */; };
		8ECC06DA19C643FD001218EC /* WeatherSearchResult.swift in Sources */ = {isa = PBXBuildFile; fileRef = 8ECC06D919C643FD001218EC /* WeatherSearchResult.swift */; };
		8ECC06DC19C64F1A001218EC /* ViewModelServicesImp.swift in Sources */ = {isa = PBXBuildFile; fileRef = 8ECC06DB19C64F1A001218EC /* ViewModelServicesImp.swift */; };
		8ED410D519D8E48B00BAFC6A /* String+URL.swift in Sources */ = {isa = PBXBuildFile; fileRef = 8ED410D419D8E48B00BAFC6A /* String+URL.swift */; };
		8EEE6BC219D8900C008450E0 /* functions.swift in Sources */ = {isa = PBXBuildFile; fileRef = 8EEE6BC119D8900C008450E0 /* functions.swift */; };
		8EEE6BC419D89844008450E0 /* operators.swift in Sources */ = {isa = PBXBuildFile; fileRef = 8EEE6BC319D89844008450E0 /* operators.swift */; };
		8EEE6BC719D8CF97008450E0 /* CoreLocation.framework in Frameworks */ = {isa = PBXBuildFile; fileRef = 8EEE6BC619D8CF97008450E0 /* CoreLocation.framework */; };
/* End PBXBuildFile section */

/* Begin PBXContainerItemProxy section */
		8E483B6B19B2A0D400454BDA /* PBXContainerItemProxy */ = {
			isa = PBXContainerItemProxy;
			containerPortal = 8E483B5019B2A0D300454BDA /* Project object */;
			proxyType = 1;
			remoteGlobalIDString = 8E483B5719B2A0D400454BDA;
			remoteInfo = ystrdy;
		};
		8EC0A08819B3C04C003DB22C /* PBXContainerItemProxy */ = {
			isa = PBXContainerItemProxy;
			containerPortal = 8EC0A07E19B3C04C003DB22C /* ReactiveCocoa.xcodeproj */;
			proxyType = 2;
			remoteGlobalIDString = 88037F8315056328001A5B19;
			remoteInfo = ReactiveCocoa;
		};
		8EC0A08A19B3C04C003DB22C /* PBXContainerItemProxy */ = {
			isa = PBXContainerItemProxy;
			containerPortal = 8EC0A07E19B3C04C003DB22C /* ReactiveCocoa.xcodeproj */;
			proxyType = 2;
			remoteGlobalIDString = 88F440AB153DAC820097B4C3;
			remoteInfo = "ReactiveCocoa-iOS";
		};
		8EC0A08C19B3C04C003DB22C /* PBXContainerItemProxy */ = {
			isa = PBXContainerItemProxy;
			containerPortal = 8EC0A07E19B3C04C003DB22C /* ReactiveCocoa.xcodeproj */;
			proxyType = 2;
			remoteGlobalIDString = 88CDF7DC15000FCF00163A9F;
			remoteInfo = ReactiveCocoaTests;
		};
		8EC0A08E19B3C04C003DB22C /* PBXContainerItemProxy */ = {
			isa = PBXContainerItemProxy;
			containerPortal = 8EC0A07E19B3C04C003DB22C /* ReactiveCocoa.xcodeproj */;
			proxyType = 2;
			remoteGlobalIDString = 5FAF5223174D4C2000CAC810;
			remoteInfo = "ReactiveCocoaTests-iOS";
		};
		8EC0A09019B3C04C003DB22C /* PBXContainerItemProxy */ = {
			isa = PBXContainerItemProxy;
			containerPortal = 8EC0A07E19B3C04C003DB22C /* ReactiveCocoa.xcodeproj */;
			proxyType = 2;
			remoteGlobalIDString = 1860F412177C91B500C7B3C9;
			remoteInfo = "ReactiveCocoa-iOS-UIKitTestHost";
		};
		8EC0A09219B3C04C003DB22C /* PBXContainerItemProxy */ = {
			isa = PBXContainerItemProxy;
			containerPortal = 8EC0A07E19B3C04C003DB22C /* ReactiveCocoa.xcodeproj */;
			proxyType = 2;
			remoteGlobalIDString = 1860F430177C91B500C7B3C9;
			remoteInfo = "ReactiveCocoa-iOS-UIKitTestHostTests";
		};
		8EC0A09419B3C04C003DB22C /* PBXContainerItemProxy */ = {
			isa = PBXContainerItemProxy;
			containerPortal = 8EC0A07E19B3C04C003DB22C /* ReactiveCocoa.xcodeproj */;
			proxyType = 2;
			remoteGlobalIDString = D05AD39417F2D56F0080895B;
			remoteInfo = "ReactiveCocoa-Mac";
		};
/* End PBXContainerItemProxy section */

/* Begin PBXFileReference section */
		8E483B5819B2A0D400454BDA /* ystrdy.app */ = {isa = PBXFileReference; explicitFileType = wrapper.application; includeInIndex = 0; path = ystrdy.app; sourceTree = BUILT_PRODUCTS_DIR; };
		8E483B5C19B2A0D400454BDA /* Info.plist */ = {isa = PBXFileReference; lastKnownFileType = text.plist.xml; path = Info.plist; sourceTree = "<group>"; };
		8E483B5D19B2A0D400454BDA /* AppDelegate.swift */ = {isa = PBXFileReference; lastKnownFileType = sourcecode.swift; path = AppDelegate.swift; sourceTree = "<group>"; };
		8E483B5F19B2A0D400454BDA /* WeatherViewController.swift */ = {isa = PBXFileReference; lastKnownFileType = sourcecode.swift; path = WeatherViewController.swift; sourceTree = "<group>"; };
		8E483B6419B2A0D400454BDA /* Images.xcassets */ = {isa = PBXFileReference; lastKnownFileType = folder.assetcatalog; path = Images.xcassets; sourceTree = "<group>"; };
		8E483B6A19B2A0D400454BDA /* ystrdyTests.xctest */ = {isa = PBXFileReference; explicitFileType = wrapper.cfbundle; includeInIndex = 0; path = ystrdyTests.xctest; sourceTree = BUILT_PRODUCTS_DIR; };
		8E483B6F19B2A0D400454BDA /* Info.plist */ = {isa = PBXFileReference; lastKnownFileType = text.plist.xml; path = Info.plist; sourceTree = "<group>"; };
		8E483B7019B2A0D400454BDA /* ystrdyTests.swift */ = {isa = PBXFileReference; lastKnownFileType = sourcecode.swift; path = ystrdyTests.swift; sourceTree = "<group>"; };
		8E75ED3F19B3C33900126C6C /* BridgingHeader.h */ = {isa = PBXFileReference; fileEncoding = 4; lastKnownFileType = sourcecode.c.h; path = BridgingHeader.h; sourceTree = "<group>"; };
		8E9D0AA619B3CF8500756C17 /* WeatherViewModel.swift */ = {isa = PBXFileReference; fileEncoding = 4; lastKnownFileType = sourcecode.swift; name = WeatherViewModel.swift; path = classes/ViewModel/WeatherViewModel.swift; sourceTree = "<group>"; };
		8E9D0AA819B3CFC700756C17 /* ViewModelServices.swift */ = {isa = PBXFileReference; fileEncoding = 4; lastKnownFileType = sourcecode.swift; name = ViewModelServices.swift; path = classes/ViewModel/ViewModelServices.swift; sourceTree = "<group>"; };
		8E9D0AAA19B3D1AD00756C17 /* WeatherViewController.xib */ = {isa = PBXFileReference; fileEncoding = 4; lastKnownFileType = file.xib; path = WeatherViewController.xib; sourceTree = "<group>"; };
		8E9D0AB119B3D5F000756C17 /* UIColor+Ystrdy.swift */ = {isa = PBXFileReference; fileEncoding = 4; lastKnownFileType = sourcecode.swift; name = "UIColor+Ystrdy.swift"; path = "classes/Util/UIColor+Ystrdy.swift"; sourceTree = "<group>"; };
		8E9D0ABA19B422EB00756C17 /* RAC.swift */ = {isa = PBXFileReference; fileEncoding = 4; lastKnownFileType = sourcecode.swift; path = RAC.swift; sourceTree = "<group>"; };
		8E9D0ABB19B422EB00756C17 /* RACObserve.swift */ = {isa = PBXFileReference; fileEncoding = 4; lastKnownFileType = sourcecode.swift; path = RACObserve.swift; sourceTree = "<group>"; };
		8E9D0ABC19B422EB00756C17 /* TableViewBindingHelper.swift */ = {isa = PBXFileReference; fileEncoding = 4; lastKnownFileType = sourcecode.swift; path = TableViewBindingHelper.swift; sourceTree = "<group>"; };
		8E9D0AC019B4269000756C17 /* WeatherSearchImp.swift */ = {isa = PBXFileReference; fileEncoding = 4; lastKnownFileType = sourcecode.swift; name = WeatherSearchImp.swift; path = classes/Model/WeatherSearchImp.swift; sourceTree = "<group>"; };
		8EAE5FE819B3C5F400C028E7 /* RACSignal+Extensions.swift */ = {isa = PBXFileReference; fileEncoding = 4; lastKnownFileType = sourcecode.swift; name = "RACSignal+Extensions.swift"; path = "classes/Util/RACSignal+Extensions.swift"; sourceTree = "<group>"; };
		8EB57B9C19D880A8000FA08D /* json.swift */ = {isa = PBXFileReference; fileEncoding = 4; lastKnownFileType = sourcecode.swift; name = json.swift; path = classes/JSON/json.swift; sourceTree = "<group>"; };
		8EC0A07E19B3C04C003DB22C /* ReactiveCocoa.xcodeproj */ = {isa = PBXFileReference; lastKnownFileType = "wrapper.pb-project"; name = ReactiveCocoa.xcodeproj; path = ReactiveCocoa/ReactiveCocoaFramework/ReactiveCocoa.xcodeproj; sourceTree = "<group>"; };
		8ECC06D519C63833001218EC /* Weather.swift */ = {isa = PBXFileReference; fileEncoding = 4; lastKnownFileType = sourcecode.swift; name = Weather.swift; path = classes/Model/Weather.swift; sourceTree = "<group>"; };
		8ECC06D719C6393E001218EC /* WeatherSearch.swift */ = {isa = PBXFileReference; fileEncoding = 4; lastKnownFileType = sourcecode.swift; name = WeatherSearch.swift; path = classes/Model/WeatherSearch.swift; sourceTree = "<group>"; };
		8ECC06D919C643FD001218EC /* WeatherSearchResult.swift */ = {isa = PBXFileReference; fileEncoding = 4; lastKnownFileType = sourcecode.swift; name = WeatherSearchResult.swift; path = classes/Model/WeatherSearchResult.swift; sourceTree = "<group>"; };
		8ECC06DB19C64F1A001218EC /* ViewModelServicesImp.swift */ = {isa = PBXFileReference; fileEncoding = 4; lastKnownFileType = sourcecode.swift; name = ViewModelServicesImp.swift; path = classes/ViewModel/ViewModelServicesImp.swift; sourceTree = "<group>"; };
		8ED410D419D8E48B00BAFC6A /* String+URL.swift */ = {isa = PBXFileReference; fileEncoding = 4; lastKnownFileType = sourcecode.swift; name = "String+URL.swift"; path = "classes/Util/String+URL.swift"; sourceTree = "<group>"; };
		8EEE6BC119D8900C008450E0 /* functions.swift */ = {isa = PBXFileReference; fileEncoding = 4; lastKnownFileType = sourcecode.swift; name = functions.swift; path = classes/JSON/functions.swift; sourceTree = "<group>"; };
		8EEE6BC319D89844008450E0 /* operators.swift */ = {isa = PBXFileReference; fileEncoding = 4; lastKnownFileType = sourcecode.swift; name = operators.swift; path = classes/JSON/operators.swift; sourceTree = "<group>"; };
		8EEE6BC619D8CF97008450E0 /* CoreLocation.framework */ = {isa = PBXFileReference; lastKnownFileType = wrapper.framework; name = CoreLocation.framework; path = System/Library/Frameworks/CoreLocation.framework; sourceTree = SDKROOT; };
/* End PBXFileReference section */

/* Begin PBXFrameworksBuildPhase section */
		8E483B5519B2A0D400454BDA /* Frameworks */ = {
			isa = PBXFrameworksBuildPhase;
			buildActionMask = 2147483647;
			files = (
				8EEE6BC719D8CF97008450E0 /* CoreLocation.framework in Frameworks */,
				8E75ED3C19B3C24600126C6C /* libReactiveCocoa-iOS.a in Frameworks */,
			);
			runOnlyForDeploymentPostprocessing = 0;
		};
		8E483B6719B2A0D400454BDA /* Frameworks */ = {
			isa = PBXFrameworksBuildPhase;
			buildActionMask = 2147483647;
			files = (
			);
			runOnlyForDeploymentPostprocessing = 0;
		};
/* End PBXFrameworksBuildPhase section */

/* Begin PBXGroup section */
		8E483B4F19B2A0D300454BDA = {
			isa = PBXGroup;
			children = (
				8EEE6BC619D8CF97008450E0 /* CoreLocation.framework */,
				8EC0A07E19B3C04C003DB22C /* ReactiveCocoa.xcodeproj */,
				8E483B5A19B2A0D400454BDA /* ystrdy */,
				8E483B6D19B2A0D400454BDA /* ystrdyTests */,
				8E483B5919B2A0D400454BDA /* Products */,
			);
			sourceTree = "<group>";
		};
		8E483B5919B2A0D400454BDA /* Products */ = {
			isa = PBXGroup;
			children = (
				8E483B5819B2A0D400454BDA /* ystrdy.app */,
				8E483B6A19B2A0D400454BDA /* ystrdyTests.xctest */,
			);
			name = Products;
			sourceTree = "<group>";
		};
		8E483B5A19B2A0D400454BDA /* ystrdy */ = {
			isa = PBXGroup;
			children = (
				8EB57B9419D87F7C000FA08D /* JSON */,
				8E9D0AA519B3CF6A00756C17 /* Model */,
				8E9D0AA419B3CF6300756C17 /* ViewModel */,
				8E75ED4819B3C57C00126C6C /* Util */,
				8E75ED4719B3C57100126C6C /* View */,
				8E483B5D19B2A0D400454BDA /* AppDelegate.swift */,
				8E483B6419B2A0D400454BDA /* Images.xcassets */,
				8E483B5B19B2A0D400454BDA /* Supporting Files */,
				8E75ED3F19B3C33900126C6C /* BridgingHeader.h */,
			);
			path = ystrdy;
			sourceTree = "<group>";
		};
		8E483B5B19B2A0D400454BDA /* Supporting Files */ = {
			isa = PBXGroup;
			children = (
				8E483B5C19B2A0D400454BDA /* Info.plist */,
			);
			name = "Supporting Files";
			sourceTree = "<group>";
		};
		8E483B6D19B2A0D400454BDA /* ystrdyTests */ = {
			isa = PBXGroup;
			children = (
				8E483B7019B2A0D400454BDA /* ystrdyTests.swift */,
				8E483B6E19B2A0D400454BDA /* Supporting Files */,
			);
			path = ystrdyTests;
			sourceTree = "<group>";
		};
		8E483B6E19B2A0D400454BDA /* Supporting Files */ = {
			isa = PBXGroup;
			children = (
				8E483B6F19B2A0D400454BDA /* Info.plist */,
			);
			name = "Supporting Files";
			sourceTree = "<group>";
		};
		8E75ED4719B3C57100126C6C /* View */ = {
			isa = PBXGroup;
			children = (
				8E9D0AAA19B3D1AD00756C17 /* WeatherViewController.xib */,
				8E483B5F19B2A0D400454BDA /* WeatherViewController.swift */,
			);
			name = View;
			sourceTree = "<group>";
		};
		8E75ED4819B3C57C00126C6C /* Util */ = {
			isa = PBXGroup;
			children = (
				8E9D0ABA19B422EB00756C17 /* RAC.swift */,
				8E9D0ABB19B422EB00756C17 /* RACObserve.swift */,
				8EAE5FE819B3C5F400C028E7 /* RACSignal+Extensions.swift */,
				8E9D0ABC19B422EB00756C17 /* TableViewBindingHelper.swift */,
				8E9D0AB119B3D5F000756C17 /* UIColor+Ystrdy.swift */,
				8ED410D419D8E48B00BAFC6A /* String+URL.swift */,
			);
			name = Util;
			sourceTree = "<group>";
		};
		8E9D0AA419B3CF6300756C17 /* ViewModel */ = {
			isa = PBXGroup;
			children = (
				8E9D0AA619B3CF8500756C17 /* WeatherViewModel.swift */,
				8E9D0AA819B3CFC700756C17 /* ViewModelServices.swift */,
				8ECC06DB19C64F1A001218EC /* ViewModelServicesImp.swift */,
			);
			name = ViewModel;
			sourceTree = "<group>";
		};
		8E9D0AA519B3CF6A00756C17 /* Model */ = {
			isa = PBXGroup;
			children = (
				8ECC06D519C63833001218EC /* Weather.swift */,
				8ECC06D719C6393E001218EC /* WeatherSearch.swift */,
				8E9D0AC019B4269000756C17 /* WeatherSearchImp.swift */,
				8ECC06D919C643FD001218EC /* WeatherSearchResult.swift */,
			);
			name = Model;
			sourceTree = "<group>";
		};
		8EB57B9419D87F7C000FA08D /* JSON */ = {
			isa = PBXGroup;
			children = (
				8EB57B9C19D880A8000FA08D /* json.swift */,
				8EEE6BC119D8900C008450E0 /* functions.swift */,
				8EEE6BC319D89844008450E0 /* operators.swift */,
			);
			name = JSON;
			sourceTree = "<group>";
		};
		8EC0A07F19B3C04C003DB22C /* Products */ = {
			isa = PBXGroup;
			children = (
				8EC0A08919B3C04C003DB22C /* ReactiveCocoa.framework */,
				8EC0A08B19B3C04C003DB22C /* libReactiveCocoa-iOS.a */,
				8EC0A08D19B3C04C003DB22C /* ReactiveCocoaTests.octest */,
				8EC0A08F19B3C04C003DB22C /* ReactiveCocoaTests-iOS.octest */,
				8EC0A09119B3C04C003DB22C /* ReactiveCocoa-iOS-UIKitTestHost.app */,
				8EC0A09319B3C04C003DB22C /* ReactiveCocoa-iOS-UIKitTestHostTests.octest */,
				8EC0A09519B3C04C003DB22C /* libReactiveCocoa-Mac.a */,
			);
			name = Products;
			sourceTree = "<group>";
		};
/* End PBXGroup section */

/* Begin PBXNativeTarget section */
		8E483B5719B2A0D400454BDA /* ystrdy */ = {
			isa = PBXNativeTarget;
			buildConfigurationList = 8E483B7419B2A0D400454BDA /* Build configuration list for PBXNativeTarget "ystrdy" */;
			buildPhases = (
				8E483B5419B2A0D400454BDA /* Sources */,
				8E483B5519B2A0D400454BDA /* Frameworks */,
				8E483B5619B2A0D400454BDA /* Resources */,
				8E9D0AB319B41D4100756C17 /* ShellScript */,
			);
			buildRules = (
			);
			dependencies = (
			);
			name = ystrdy;
			productName = ystrdy;
			productReference = 8E483B5819B2A0D400454BDA /* ystrdy.app */;
			productType = "com.apple.product-type.application";
		};
		8E483B6919B2A0D400454BDA /* ystrdyTests */ = {
			isa = PBXNativeTarget;
			buildConfigurationList = 8E483B7719B2A0D400454BDA /* Build configuration list for PBXNativeTarget "ystrdyTests" */;
			buildPhases = (
				8E483B6619B2A0D400454BDA /* Sources */,
				8E483B6719B2A0D400454BDA /* Frameworks */,
				8E483B6819B2A0D400454BDA /* Resources */,
			);
			buildRules = (
			);
			dependencies = (
				8E483B6C19B2A0D400454BDA /* PBXTargetDependency */,
			);
			name = ystrdyTests;
			productName = ystrdyTests;
			productReference = 8E483B6A19B2A0D400454BDA /* ystrdyTests.xctest */;
			productType = "com.apple.product-type.bundle.unit-test";
		};
/* End PBXNativeTarget section */

/* Begin PBXProject section */
		8E483B5019B2A0D300454BDA /* Project object */ = {
			isa = PBXProject;
			attributes = {
				LastUpgradeCheck = 0600;
				ORGANIZATIONNAME = twenty.three.bit;
				TargetAttributes = {
					8E483B5719B2A0D400454BDA = {
						CreatedOnToolsVersion = 6.0;
						DevelopmentTeam = GGW8P5ZF85;
					};
					8E483B6919B2A0D400454BDA = {
						CreatedOnToolsVersion = 6.0;
						TestTargetID = 8E483B5719B2A0D400454BDA;
					};
				};
			};
			buildConfigurationList = 8E483B5319B2A0D400454BDA /* Build configuration list for PBXProject "ystrdy" */;
			compatibilityVersion = "Xcode 3.2";
			developmentRegion = English;
			hasScannedForEncodings = 0;
			knownRegions = (
				en,
				Base,
			);
			mainGroup = 8E483B4F19B2A0D300454BDA;
			productRefGroup = 8E483B5919B2A0D400454BDA /* Products */;
			projectDirPath = "";
			projectReferences = (
				{
					ProductGroup = 8EC0A07F19B3C04C003DB22C /* Products */;
					ProjectRef = 8EC0A07E19B3C04C003DB22C /* ReactiveCocoa.xcodeproj */;
				},
			);
			projectRoot = "";
			targets = (
				8E483B5719B2A0D400454BDA /* ystrdy */,
				8E483B6919B2A0D400454BDA /* ystrdyTests */,
			);
		};
/* End PBXProject section */

/* Begin PBXReferenceProxy section */
		8EC0A08919B3C04C003DB22C /* ReactiveCocoa.framework */ = {
			isa = PBXReferenceProxy;
			fileType = wrapper.framework;
			path = ReactiveCocoa.framework;
			remoteRef = 8EC0A08819B3C04C003DB22C /* PBXContainerItemProxy */;
			sourceTree = BUILT_PRODUCTS_DIR;
		};
		8EC0A08B19B3C04C003DB22C /* libReactiveCocoa-iOS.a */ = {
			isa = PBXReferenceProxy;
			fileType = archive.ar;
			path = "libReactiveCocoa-iOS.a";
			remoteRef = 8EC0A08A19B3C04C003DB22C /* PBXContainerItemProxy */;
			sourceTree = BUILT_PRODUCTS_DIR;
		};
		8EC0A08D19B3C04C003DB22C /* ReactiveCocoaTests.octest */ = {
			isa = PBXReferenceProxy;
			fileType = wrapper.cfbundle;
			path = ReactiveCocoaTests.octest;
			remoteRef = 8EC0A08C19B3C04C003DB22C /* PBXContainerItemProxy */;
			sourceTree = BUILT_PRODUCTS_DIR;
		};
		8EC0A08F19B3C04C003DB22C /* ReactiveCocoaTests-iOS.octest */ = {
			isa = PBXReferenceProxy;
			fileType = wrapper.cfbundle;
			path = "ReactiveCocoaTests-iOS.octest";
			remoteRef = 8EC0A08E19B3C04C003DB22C /* PBXContainerItemProxy */;
			sourceTree = BUILT_PRODUCTS_DIR;
		};
		8EC0A09119B3C04C003DB22C /* ReactiveCocoa-iOS-UIKitTestHost.app */ = {
			isa = PBXReferenceProxy;
			fileType = wrapper.application;
			path = "ReactiveCocoa-iOS-UIKitTestHost.app";
			remoteRef = 8EC0A09019B3C04C003DB22C /* PBXContainerItemProxy */;
			sourceTree = BUILT_PRODUCTS_DIR;
		};
		8EC0A09319B3C04C003DB22C /* ReactiveCocoa-iOS-UIKitTestHostTests.octest */ = {
			isa = PBXReferenceProxy;
			fileType = wrapper.cfbundle;
			path = "ReactiveCocoa-iOS-UIKitTestHostTests.octest";
			remoteRef = 8EC0A09219B3C04C003DB22C /* PBXContainerItemProxy */;
			sourceTree = BUILT_PRODUCTS_DIR;
		};
		8EC0A09519B3C04C003DB22C /* libReactiveCocoa-Mac.a */ = {
			isa = PBXReferenceProxy;
			fileType = archive.ar;
			path = "libReactiveCocoa-Mac.a";
			remoteRef = 8EC0A09419B3C04C003DB22C /* PBXContainerItemProxy */;
			sourceTree = BUILT_PRODUCTS_DIR;
		};
/* End PBXReferenceProxy section */

/* Begin PBXResourcesBuildPhase section */
		8E483B5619B2A0D400454BDA /* Resources */ = {
			isa = PBXResourcesBuildPhase;
			buildActionMask = 2147483647;
			files = (
				8E483B6519B2A0D400454BDA /* Images.xcassets in Resources */,
				8E9D0AAB19B3D1AD00756C17 /* WeatherViewController.xib in Resources */,
			);
			runOnlyForDeploymentPostprocessing = 0;
		};
		8E483B6819B2A0D400454BDA /* Resources */ = {
			isa = PBXResourcesBuildPhase;
			buildActionMask = 2147483647;
			files = (
			);
			runOnlyForDeploymentPostprocessing = 0;
		};
/* End PBXResourcesBuildPhase section */

/* Begin PBXShellScriptBuildPhase section */
		8E9D0AB319B41D4100756C17 /* ShellScript */ = {
			isa = PBXShellScriptBuildPhase;
			buildActionMask = 2147483647;
			files = (
			);
			inputPaths = (
			);
			outputPaths = (
			);
			runOnlyForDeploymentPostprocessing = 0;
			shellPath = /bin/sh;
			shellScript = "XcodeCoverage/exportenv.sh\n";
		};
/* End PBXShellScriptBuildPhase section */

/* Begin PBXSourcesBuildPhase section */
		8E483B5419B2A0D400454BDA /* Sources */ = {
			isa = PBXSourcesBuildPhase;
			buildActionMask = 2147483647;
			files = (
				8E483B6019B2A0D400454BDA /* WeatherViewController.swift in Sources */,
				8ECC06DC19C64F1A001218EC /* ViewModelServicesImp.swift in Sources */,
				8EB57B9D19D880A8000FA08D /* json.swift in Sources */,
				8EEE6BC219D8900C008450E0 /* functions.swift in Sources */,
				8ECC06DA19C643FD001218EC /* WeatherSearchResult.swift in Sources */,
				8E9D0ABD19B422EB00756C17 /* RAC.swift in Sources */,
				8E9D0AA719B3CF8500756C17 /* WeatherViewModel.swift in Sources */,
				8E9D0AB219B3D5F000756C17 /* UIColor+Ystrdy.swift in Sources */,
				8ED410D519D8E48B00BAFC6A /* String+URL.swift in Sources */,
				8E9D0AC119B4269000756C17 /* WeatherSearchImp.swift in Sources */,
				8E9D0ABF19B422EB00756C17 /* TableViewBindingHelper.swift in Sources */,
				8EEE6BC419D89844008450E0 /* operators.swift in Sources */,
				8E9D0AA919B3CFC700756C17 /* ViewModelServices.swift in Sources */,
				8ECC06D619C63833001218EC /* Weather.swift in Sources */,
				8E483B5E19B2A0D400454BDA /* AppDelegate.swift in Sources */,
				8E9D0ABE19B422EB00756C17 /* RACObserve.swift in Sources */,
				8ECC06D819C6393E001218EC /* WeatherSearch.swift in Sources */,
				8EAE5FE919B3C5F400C028E7 /* RACSignal+Extensions.swift in Sources */,
			);
			runOnlyForDeploymentPostprocessing = 0;
		};
		8E483B6619B2A0D400454BDA /* Sources */ = {
			isa = PBXSourcesBuildPhase;
			buildActionMask = 2147483647;
			files = (
				8E483B7119B2A0D400454BDA /* ystrdyTests.swift in Sources */,
			);
			runOnlyForDeploymentPostprocessing = 0;
		};
/* End PBXSourcesBuildPhase section */

/* Begin PBXTargetDependency section */
		8E483B6C19B2A0D400454BDA /* PBXTargetDependency */ = {
			isa = PBXTargetDependency;
			target = 8E483B5719B2A0D400454BDA /* ystrdy */;
			targetProxy = 8E483B6B19B2A0D400454BDA /* PBXContainerItemProxy */;
		};
/* End PBXTargetDependency section */

/* Begin XCBuildConfiguration section */
		8E483B7219B2A0D400454BDA /* Debug */ = {
			isa = XCBuildConfiguration;
			buildSettings = {
				ALWAYS_SEARCH_USER_PATHS = NO;
				CLANG_CXX_LANGUAGE_STANDARD = "gnu++0x";
				CLANG_CXX_LIBRARY = "libc++";
				CLANG_ENABLE_MODULES = YES;
				CLANG_ENABLE_OBJC_ARC = YES;
				CLANG_WARN_BOOL_CONVERSION = YES;
				CLANG_WARN_CONSTANT_CONVERSION = YES;
				CLANG_WARN_DIRECT_OBJC_ISA_USAGE = YES_ERROR;
				CLANG_WARN_EMPTY_BODY = YES;
				CLANG_WARN_ENUM_CONVERSION = YES;
				CLANG_WARN_INT_CONVERSION = YES;
				CLANG_WARN_OBJC_ROOT_CLASS = YES_ERROR;
				CLANG_WARN_UNREACHABLE_CODE = YES;
				CLANG_WARN__DUPLICATE_METHOD_MATCH = YES;
				"CODE_SIGN_IDENTITY[sdk=iphoneos*]" = "iPhone Developer";
				COPY_PHASE_STRIP = NO;
				ENABLE_STRICT_OBJC_MSGSEND = YES;
				GCC_C_LANGUAGE_STANDARD = gnu99;
				GCC_DYNAMIC_NO_PIC = NO;
				GCC_OPTIMIZATION_LEVEL = 0;
				GCC_PREPROCESSOR_DEFINITIONS = (
					"DEBUG=1",
					"$(inherited)",
				);
				GCC_SYMBOLS_PRIVATE_EXTERN = NO;
				GCC_WARN_64_TO_32_BIT_CONVERSION = YES;
				GCC_WARN_ABOUT_RETURN_TYPE = YES_ERROR;
				GCC_WARN_UNDECLARED_SELECTOR = YES;
				GCC_WARN_UNINITIALIZED_AUTOS = YES_AGGRESSIVE;
				GCC_WARN_UNUSED_FUNCTION = YES;
				GCC_WARN_UNUSED_VARIABLE = YES;
				IPHONEOS_DEPLOYMENT_TARGET = 7.1;
				MTL_ENABLE_DEBUG_INFO = YES;
				ONLY_ACTIVE_ARCH = YES;
				SDKROOT = iphoneos;
				SWIFT_OPTIMIZATION_LEVEL = "-Onone";
				TARGETED_DEVICE_FAMILY = "1,2";
			};
			name = Debug;
		};
		8E483B7319B2A0D400454BDA /* Release */ = {
			isa = XCBuildConfiguration;
			buildSettings = {
				ALWAYS_SEARCH_USER_PATHS = NO;
				CLANG_CXX_LANGUAGE_STANDARD = "gnu++0x";
				CLANG_CXX_LIBRARY = "libc++";
				CLANG_ENABLE_MODULES = YES;
				CLANG_ENABLE_OBJC_ARC = YES;
				CLANG_WARN_BOOL_CONVERSION = YES;
				CLANG_WARN_CONSTANT_CONVERSION = YES;
				CLANG_WARN_DIRECT_OBJC_ISA_USAGE = YES_ERROR;
				CLANG_WARN_EMPTY_BODY = YES;
				CLANG_WARN_ENUM_CONVERSION = YES;
				CLANG_WARN_INT_CONVERSION = YES;
				CLANG_WARN_OBJC_ROOT_CLASS = YES_ERROR;
				CLANG_WARN_UNREACHABLE_CODE = YES;
				CLANG_WARN__DUPLICATE_METHOD_MATCH = YES;
				"CODE_SIGN_IDENTITY[sdk=iphoneos*]" = "iPhone Developer";
				COPY_PHASE_STRIP = YES;
				ENABLE_NS_ASSERTIONS = NO;
				ENABLE_STRICT_OBJC_MSGSEND = YES;
				GCC_C_LANGUAGE_STANDARD = gnu99;
				GCC_WARN_64_TO_32_BIT_CONVERSION = YES;
				GCC_WARN_ABOUT_RETURN_TYPE = YES_ERROR;
				GCC_WARN_UNDECLARED_SELECTOR = YES;
				GCC_WARN_UNINITIALIZED_AUTOS = YES_AGGRESSIVE;
				GCC_WARN_UNUSED_FUNCTION = YES;
				GCC_WARN_UNUSED_VARIABLE = YES;
				IPHONEOS_DEPLOYMENT_TARGET = 7.1;
				MTL_ENABLE_DEBUG_INFO = NO;
				SDKROOT = iphoneos;
				TARGETED_DEVICE_FAMILY = "1,2";
				VALIDATE_PRODUCT = YES;
			};
			name = Release;
		};
		8E483B7519B2A0D400454BDA /* Debug */ = {
			isa = XCBuildConfiguration;
			buildSettings = {
				ASSETCATALOG_COMPILER_APPICON_NAME = AppIcon;
				ASSETCATALOG_COMPILER_LAUNCHIMAGE_NAME = LaunchImage;
				GCC_GENERATE_TEST_COVERAGE_FILES = YES;
				GCC_INSTRUMENT_PROGRAM_FLOW_ARCS = YES;
				HEADER_SEARCH_PATHS = (
					"$(inherited)",
					"/Applications/Xcode6-Beta6.app/Contents/Developer/Toolchains/XcodeDefault.xctoolchain/usr/include",
					"$(BUILD_ROOT)/../IntermediateBuildFilesPath/UninstalledProducts/include",
				);
				INFOPLIST_FILE = ystrdy/Info.plist;
				LD_RUNPATH_SEARCH_PATHS = "$(inherited) @executable_path/Frameworks";
				OTHER_LDFLAGS = "-ObjC";
				PRODUCT_NAME = "$(TARGET_NAME)";
				SWIFT_OBJC_BRIDGING_HEADER = "$(SRCROOT)/ystrdy/BridgingHeader.h";
			};
			name = Debug;
		};
		8E483B7619B2A0D400454BDA /* Release */ = {
			isa = XCBuildConfiguration;
			buildSettings = {
				ASSETCATALOG_COMPILER_APPICON_NAME = AppIcon;
				ASSETCATALOG_COMPILER_LAUNCHIMAGE_NAME = LaunchImage;
				HEADER_SEARCH_PATHS = (
					"$(inherited)",
					"/Applications/Xcode6-Beta6.app/Contents/Developer/Toolchains/XcodeDefault.xctoolchain/usr/include",
					"$(BUILD_ROOT)/../IntermediateBuildFilesPath/UninstalledProducts/include",
				);
				INFOPLIST_FILE = ystrdy/Info.plist;
				LD_RUNPATH_SEARCH_PATHS = "$(inherited) @executable_path/Frameworks";
				OTHER_LDFLAGS = "-ObjC";
				PRODUCT_NAME = "$(TARGET_NAME)";
				SWIFT_OBJC_BRIDGING_HEADER = "$(SRCROOT)/ystrdy/BridgingHeader.h";
			};
			name = Release;
		};
		8E483B7819B2A0D400454BDA /* Debug */ = {
			isa = XCBuildConfiguration;
			buildSettings = {
				BUNDLE_LOADER = "$(TEST_HOST)";
				FRAMEWORK_SEARCH_PATHS = (
					"$(SDKROOT)/Developer/Library/Frameworks",
					"$(inherited)",
				);
				GCC_PREPROCESSOR_DEFINITIONS = (
					"DEBUG=1",
					"$(inherited)",
				);
				INFOPLIST_FILE = ystrdyTests/Info.plist;
				LD_RUNPATH_SEARCH_PATHS = "$(inherited) @executable_path/Frameworks @loader_path/Frameworks";
				PRODUCT_NAME = "$(TARGET_NAME)";
				TEST_HOST = "$(BUILT_PRODUCTS_DIR)/ystrdy.app/ystrdy";
			};
			name = Debug;
		};
		8E483B7919B2A0D400454BDA /* Release */ = {
			isa = XCBuildConfiguration;
			buildSettings = {
				BUNDLE_LOADER = "$(TEST_HOST)";
				FRAMEWORK_SEARCH_PATHS = (
					"$(SDKROOT)/Developer/Library/Frameworks",
					"$(inherited)",
				);
				INFOPLIST_FILE = ystrdyTests/Info.plist;
				LD_RUNPATH_SEARCH_PATHS = "$(inherited) @executable_path/Frameworks @loader_path/Frameworks";
				PRODUCT_NAME = "$(TARGET_NAME)";
				TEST_HOST = "$(BUILT_PRODUCTS_DIR)/ystrdy.app/ystrdy";
			};
			name = Release;
		};
/* End XCBuildConfiguration section */

/* Begin XCConfigurationList section */
		8E483B5319B2A0D400454BDA /* Build configuration list for PBXProject "ystrdy" */ = {
			isa = XCConfigurationList;
			buildConfigurations = (
				8E483B7219B2A0D400454BDA /* Debug */,
				8E483B7319B2A0D400454BDA /* Release */,
			);
			defaultConfigurationIsVisible = 0;
			defaultConfigurationName = Release;
		};
		8E483B7419B2A0D400454BDA /* Build configuration list for PBXNativeTarget "ystrdy" */ = {
			isa = XCConfigurationList;
			buildConfigurations = (
				8E483B7519B2A0D400454BDA /* Debug */,
				8E483B7619B2A0D400454BDA /* Release */,
			);
			defaultConfigurationIsVisible = 0;
			defaultConfigurationName = Release;
		};
		8E483B7719B2A0D400454BDA /* Build configuration list for PBXNativeTarget "ystrdyTests" */ = {
			isa = XCConfigurationList;
			buildConfigurations = (
				8E483B7819B2A0D400454BDA /* Debug */,
				8E483B7919B2A0D400454BDA /* Release */,
			);
			defaultConfigurationIsVisible = 0;
			defaultConfigurationName = Release;
		};
/* End XCConfigurationList section */
	};
	rootObject = 8E483B5019B2A0D300454BDA /* Project object */;
}
