// !$*UTF8*$!
{
	archiveVersion = 1;
	classes = {
	};
	objectVersion = 46;
	objects = {

/* Begin PBXBuildFile section */
		067CD8981E463028004BC3CB /* AppDelegate.swift in Sources */ = {isa = PBXBuildFile; fileRef = 067CD8971E463028004BC3CB /* AppDelegate.swift */; };
		067CD89A1E463028004BC3CB /* ViewController.swift in Sources */ = {isa = PBXBuildFile; fileRef = 067CD8991E463028004BC3CB /* ViewController.swift */; };
		067CD89D1E463028004BC3CB /* Main.storyboard in Resources */ = {isa = PBXBuildFile; fileRef = 067CD89B1E463028004BC3CB /* Main.storyboard */; };
		067CD89F1E463029004BC3CB /* Assets.xcassets in Resources */ = {isa = PBXBuildFile; fileRef = 067CD89E1E463028004BC3CB /* Assets.xcassets */; };
		067CD8A21E463029004BC3CB /* LaunchScreen.storyboard in Resources */ = {isa = PBXBuildFile; fileRef = 067CD8A01E463029004BC3CB /* LaunchScreen.storyboard */; };
		067CD8AD1E463029004BC3CB /* ystrdyTests.swift in Sources */ = {isa = PBXBuildFile; fileRef = 067CD8AC1E463029004BC3CB /* ystrdyTests.swift */; };
		067CD8BF1E4634F2004BC3CB /* Crashlytics.framework in Frameworks */ = {isa = PBXBuildFile; fileRef = 067CD8BD1E4634F2004BC3CB /* Crashlytics.framework */; };
		067CD8C01E4634F2004BC3CB /* Fabric.framework in Frameworks */ = {isa = PBXBuildFile; fileRef = 067CD8BE1E4634F2004BC3CB /* Fabric.framework */; };
		067CD8C91E46352A004BC3CB /* Alamofire.framework in Frameworks */ = {isa = PBXBuildFile; fileRef = 067CD8C11E46352A004BC3CB /* Alamofire.framework */; };
		067CD8CA1E46352A004BC3CB /* AlamofireImage.framework in Frameworks */ = {isa = PBXBuildFile; fileRef = 067CD8C21E46352A004BC3CB /* AlamofireImage.framework */; };
		067CD8CC1E46352A004BC3CB /* RxCocoa.framework in Frameworks */ = {isa = PBXBuildFile; fileRef = 067CD8C41E46352A004BC3CB /* RxCocoa.framework */; };
		067CD8CD1E46352A004BC3CB /* RxDataSources.framework in Frameworks */ = {isa = PBXBuildFile; fileRef = 067CD8C51E46352A004BC3CB /* RxDataSources.framework */; };
		067CD8CE1E46352A004BC3CB /* RxSwift.framework in Frameworks */ = {isa = PBXBuildFile; fileRef = 067CD8C61E46352A004BC3CB /* RxSwift.framework */; };
		067CD8D01E46352A004BC3CB /* SnapKit.framework in Frameworks */ = {isa = PBXBuildFile; fileRef = 067CD8C81E46352A004BC3CB /* SnapKit.framework */; };
		0C6DCC3E1E48FA93004432E6 /* Serialization.swift in Sources */ = {isa = PBXBuildFile; fileRef = 0C6DCC3D1E48FA93004432E6 /* Serialization.swift */; };
		0C81F5B11E490A12008940FB /* API.swift in Sources */ = {isa = PBXBuildFile; fileRef = 0C81F5B01E490A12008940FB /* API.swift */; };
		0C81F5B41E490A97008940FB /* WeatherUndergroundRouter.swift in Sources */ = {isa = PBXBuildFile; fileRef = 0C81F5B31E490A97008940FB /* WeatherUndergroundRouter.swift */; };
		0C81F5B61E490AE7008940FB /* CurrentTemp.swift in Sources */ = {isa = PBXBuildFile; fileRef = 0C81F5B51E490AE7008940FB /* CurrentTemp.swift */; };
		0C81F5B81E490B14008940FB /* YesterdayTemp.swift in Sources */ = {isa = PBXBuildFile; fileRef = 0C81F5B71E490B14008940FB /* YesterdayTemp.swift */; };
		0C81F5BB1E490B51008940FB /* WeatherDifferenceViewModel.swift in Sources */ = {isa = PBXBuildFile; fileRef = 0C81F5BA1E490B51008940FB /* WeatherDifferenceViewModel.swift */; };
		0C81F5BE1E4912B9008940FB /* UIColor+Ystrdy.swift in Sources */ = {isa = PBXBuildFile; fileRef = 0C81F5BD1E4912B9008940FB /* UIColor+Ystrdy.swift */; };
/* End PBXBuildFile section */

/* Begin PBXContainerItemProxy section */
		067CD8A91E463029004BC3CB /* PBXContainerItemProxy */ = {
			isa = PBXContainerItemProxy;
			containerPortal = 067CD88C1E463028004BC3CB /* Project object */;
			proxyType = 1;
			remoteGlobalIDString = 067CD8931E463028004BC3CB;
			remoteInfo = ystrdy;
		};
/* End PBXContainerItemProxy section */

/* Begin PBXFileReference section */
		067CD8941E463028004BC3CB /* ystrdy.app */ = {isa = PBXFileReference; explicitFileType = wrapper.application; includeInIndex = 0; path = ystrdy.app; sourceTree = BUILT_PRODUCTS_DIR; };
		067CD8971E463028004BC3CB /* AppDelegate.swift */ = {isa = PBXFileReference; lastKnownFileType = sourcecode.swift; path = AppDelegate.swift; sourceTree = "<group>"; };
		067CD8991E463028004BC3CB /* ViewController.swift */ = {isa = PBXFileReference; lastKnownFileType = sourcecode.swift; path = ViewController.swift; sourceTree = "<group>"; };
		067CD89C1E463028004BC3CB /* Base */ = {isa = PBXFileReference; lastKnownFileType = file.storyboard; name = Base; path = Base.lproj/Main.storyboard; sourceTree = "<group>"; };
		067CD89E1E463028004BC3CB /* Assets.xcassets */ = {isa = PBXFileReference; lastKnownFileType = folder.assetcatalog; path = Assets.xcassets; sourceTree = "<group>"; };
		067CD8A11E463029004BC3CB /* Base */ = {isa = PBXFileReference; lastKnownFileType = file.storyboard; name = Base; path = Base.lproj/LaunchScreen.storyboard; sourceTree = "<group>"; };
		067CD8A31E463029004BC3CB /* Info.plist */ = {isa = PBXFileReference; lastKnownFileType = text.plist.xml; path = Info.plist; sourceTree = "<group>"; };
		067CD8A81E463029004BC3CB /* ystrdyTests.xctest */ = {isa = PBXFileReference; explicitFileType = wrapper.cfbundle; includeInIndex = 0; path = ystrdyTests.xctest; sourceTree = BUILT_PRODUCTS_DIR; };
		067CD8AC1E463029004BC3CB /* ystrdyTests.swift */ = {isa = PBXFileReference; lastKnownFileType = sourcecode.swift; path = ystrdyTests.swift; sourceTree = "<group>"; };
		067CD8AE1E463029004BC3CB /* Info.plist */ = {isa = PBXFileReference; lastKnownFileType = text.plist.xml; path = Info.plist; sourceTree = "<group>"; };
		067CD8BD1E4634F2004BC3CB /* Crashlytics.framework */ = {isa = PBXFileReference; lastKnownFileType = wrapper.framework; name = Crashlytics.framework; path = frameworks/Crashlytics.framework; sourceTree = "<group>"; };
		067CD8BE1E4634F2004BC3CB /* Fabric.framework */ = {isa = PBXFileReference; lastKnownFileType = wrapper.framework; name = Fabric.framework; path = frameworks/Fabric.framework; sourceTree = "<group>"; };
		067CD8C11E46352A004BC3CB /* Alamofire.framework */ = {isa = PBXFileReference; lastKnownFileType = wrapper.framework; name = Alamofire.framework; path = Carthage/Build/iOS/Alamofire.framework; sourceTree = "<group>"; };
		067CD8C21E46352A004BC3CB /* AlamofireImage.framework */ = {isa = PBXFileReference; lastKnownFileType = wrapper.framework; name = AlamofireImage.framework; path = Carthage/Build/iOS/AlamofireImage.framework; sourceTree = "<group>"; };
		067CD8C31E46352A004BC3CB /* RxBlocking.framework */ = {isa = PBXFileReference; lastKnownFileType = wrapper.framework; name = RxBlocking.framework; path = Carthage/Build/iOS/RxBlocking.framework; sourceTree = "<group>"; };
		067CD8C41E46352A004BC3CB /* RxCocoa.framework */ = {isa = PBXFileReference; lastKnownFileType = wrapper.framework; name = RxCocoa.framework; path = Carthage/Build/iOS/RxCocoa.framework; sourceTree = "<group>"; };
		067CD8C51E46352A004BC3CB /* RxDataSources.framework */ = {isa = PBXFileReference; lastKnownFileType = wrapper.framework; name = RxDataSources.framework; path = Carthage/Build/iOS/RxDataSources.framework; sourceTree = "<group>"; };
		067CD8C61E46352A004BC3CB /* RxSwift.framework */ = {isa = PBXFileReference; lastKnownFileType = wrapper.framework; name = RxSwift.framework; path = Carthage/Build/iOS/RxSwift.framework; sourceTree = "<group>"; };
		067CD8C71E46352A004BC3CB /* RxTest.framework */ = {isa = PBXFileReference; lastKnownFileType = wrapper.framework; name = RxTest.framework; path = Carthage/Build/iOS/RxTest.framework; sourceTree = "<group>"; };
		067CD8C81E46352A004BC3CB /* SnapKit.framework */ = {isa = PBXFileReference; lastKnownFileType = wrapper.framework; name = SnapKit.framework; path = Carthage/Build/iOS/SnapKit.framework; sourceTree = "<group>"; };
		0C6DCC3D1E48FA93004432E6 /* Serialization.swift */ = {isa = PBXFileReference; fileEncoding = 4; lastKnownFileType = sourcecode.swift; name = Serialization.swift; path = Network/Serialization.swift; sourceTree = "<group>"; };
		0C81F5B01E490A12008940FB /* API.swift */ = {isa = PBXFileReference; fileEncoding = 4; lastKnownFileType = sourcecode.swift; name = API.swift; path = Network/API.swift; sourceTree = "<group>"; };
		0C81F5B31E490A97008940FB /* WeatherUndergroundRouter.swift */ = {isa = PBXFileReference; fileEncoding = 4; lastKnownFileType = sourcecode.swift; name = WeatherUndergroundRouter.swift; path = Network/WeatherUndergroundRouter.swift; sourceTree = "<group>"; };
		0C81F5B51E490AE7008940FB /* CurrentTemp.swift */ = {isa = PBXFileReference; fileEncoding = 4; lastKnownFileType = sourcecode.swift; name = CurrentTemp.swift; path = Model/CurrentTemp.swift; sourceTree = "<group>"; };
		0C81F5B71E490B14008940FB /* YesterdayTemp.swift */ = {isa = PBXFileReference; fileEncoding = 4; lastKnownFileType = sourcecode.swift; name = YesterdayTemp.swift; path = Model/YesterdayTemp.swift; sourceTree = "<group>"; };
		0C81F5BA1E490B51008940FB /* WeatherDifferenceViewModel.swift */ = {isa = PBXFileReference; fileEncoding = 4; lastKnownFileType = sourcecode.swift; name = WeatherDifferenceViewModel.swift; path = ViewModel/WeatherDifferenceViewModel.swift; sourceTree = "<group>"; };
		0C81F5BD1E4912B9008940FB /* UIColor+Ystrdy.swift */ = {isa = PBXFileReference; fileEncoding = 4; lastKnownFileType = sourcecode.swift; name = "UIColor+Ystrdy.swift"; path = "Common/UIColor+Ystrdy.swift"; sourceTree = "<group>"; };
/* End PBXFileReference section */

/* Begin PBXFrameworksBuildPhase section */
		067CD8911E463028004BC3CB /* Frameworks */ = {
			isa = PBXFrameworksBuildPhase;
			buildActionMask = 2147483647;
			files = (
				067CD8CC1E46352A004BC3CB /* RxCocoa.framework in Frameworks */,
				067CD8BF1E4634F2004BC3CB /* Crashlytics.framework in Frameworks */,
				067CD8CD1E46352A004BC3CB /* RxDataSources.framework in Frameworks */,
				067CD8CE1E46352A004BC3CB /* RxSwift.framework in Frameworks */,
				067CD8C91E46352A004BC3CB /* Alamofire.framework in Frameworks */,
				067CD8C01E4634F2004BC3CB /* Fabric.framework in Frameworks */,
				067CD8CA1E46352A004BC3CB /* AlamofireImage.framework in Frameworks */,
				067CD8D01E46352A004BC3CB /* SnapKit.framework in Frameworks */,
			);
			runOnlyForDeploymentPostprocessing = 0;
		};
		067CD8A51E463029004BC3CB /* Frameworks */ = {
			isa = PBXFrameworksBuildPhase;
			buildActionMask = 2147483647;
			files = (
			);
			runOnlyForDeploymentPostprocessing = 0;
		};
/* End PBXFrameworksBuildPhase section */

/* Begin PBXGroup section */
		067CD88B1E463028004BC3CB = {
			isa = PBXGroup;
			children = (
				067CD8961E463028004BC3CB /* ystrdy */,
				067CD8AB1E463029004BC3CB /* ystrdyTests */,
				067CD8951E463028004BC3CB /* Products */,
				067CD8BC1E4634CE004BC3CB /* frameworks */,
			);
			sourceTree = "<group>";
		};
		067CD8951E463028004BC3CB /* Products */ = {
			isa = PBXGroup;
			children = (
				067CD8941E463028004BC3CB /* ystrdy.app */,
				067CD8A81E463029004BC3CB /* ystrdyTests.xctest */,
			);
			name = Products;
			sourceTree = "<group>";
		};
		067CD8961E463028004BC3CB /* ystrdy */ = {
			isa = PBXGroup;
			children = (
				0C81F5BC1E49129D008940FB /* Common */,
				0C81F5B91E490B3F008940FB /* ViewModel */,
				0C81F5B21E490A50008940FB /* Model */,
				0C6DCC3C1E48FA7B004432E6 /* Network */,
				067CD8971E463028004BC3CB /* AppDelegate.swift */,
				067CD8991E463028004BC3CB /* ViewController.swift */,
				067CD89B1E463028004BC3CB /* Main.storyboard */,
				067CD89E1E463028004BC3CB /* Assets.xcassets */,
				067CD8A01E463029004BC3CB /* LaunchScreen.storyboard */,
				067CD8A31E463029004BC3CB /* Info.plist */,
			);
			path = ystrdy;
			sourceTree = "<group>";
		};
		067CD8AB1E463029004BC3CB /* ystrdyTests */ = {
			isa = PBXGroup;
			children = (
				067CD8AC1E463029004BC3CB /* ystrdyTests.swift */,
				067CD8AE1E463029004BC3CB /* Info.plist */,
			);
			path = ystrdyTests;
			sourceTree = "<group>";
		};
		067CD8BC1E4634CE004BC3CB /* frameworks */ = {
			isa = PBXGroup;
			children = (
				067CD8C11E46352A004BC3CB /* Alamofire.framework */,
				067CD8C21E46352A004BC3CB /* AlamofireImage.framework */,
				067CD8C31E46352A004BC3CB /* RxBlocking.framework */,
				067CD8C41E46352A004BC3CB /* RxCocoa.framework */,
				067CD8C51E46352A004BC3CB /* RxDataSources.framework */,
				067CD8C61E46352A004BC3CB /* RxSwift.framework */,
				067CD8C71E46352A004BC3CB /* RxTest.framework */,
				067CD8C81E46352A004BC3CB /* SnapKit.framework */,
				067CD8BD1E4634F2004BC3CB /* Crashlytics.framework */,
				067CD8BE1E4634F2004BC3CB /* Fabric.framework */,
			);
			name = frameworks;
			sourceTree = "<group>";
		};
		0C6DCC3C1E48FA7B004432E6 /* Network */ = {
			isa = PBXGroup;
			children = (
				0C81F5B01E490A12008940FB /* API.swift */,
				0C6DCC3D1E48FA93004432E6 /* Serialization.swift */,
				0C81F5B31E490A97008940FB /* WeatherUndergroundRouter.swift */,
			);
			name = Network;
			sourceTree = "<group>";
		};
		0C81F5B21E490A50008940FB /* Model */ = {
			isa = PBXGroup;
			children = (
				0C81F5B51E490AE7008940FB /* CurrentTemp.swift */,
				0C81F5B71E490B14008940FB /* YesterdayTemp.swift */,
			);
			name = Model;
			sourceTree = "<group>";
		};
		0C81F5B91E490B3F008940FB /* ViewModel */ = {
			isa = PBXGroup;
			children = (
				0C81F5BA1E490B51008940FB /* WeatherDifferenceViewModel.swift */,
			);
			name = ViewModel;
			sourceTree = "<group>";
		};
		0C81F5BC1E49129D008940FB /* Common */ = {
			isa = PBXGroup;
			children = (
				0C81F5BD1E4912B9008940FB /* UIColor+Ystrdy.swift */,
			);
			name = Common;
			sourceTree = "<group>";
		};
/* End PBXGroup section */

/* Begin PBXNativeTarget section */
		067CD8931E463028004BC3CB /* ystrdy */ = {
			isa = PBXNativeTarget;
			buildConfigurationList = 067CD8B11E463029004BC3CB /* Build configuration list for PBXNativeTarget "ystrdy" */;
			buildPhases = (
				067CD8901E463028004BC3CB /* Sources */,
				067CD8911E463028004BC3CB /* Frameworks */,
				067CD8921E463028004BC3CB /* Resources */,
				067CD8B71E46338E004BC3CB /* Crashlytics */,
				067CD8D11E463649004BC3CB /* Carthage */,
			);
			buildRules = (
			);
			dependencies = (
			);
			name = ystrdy;
			productName = ystrdy;
			productReference = 067CD8941E463028004BC3CB /* ystrdy.app */;
			productType = "com.apple.product-type.application";
		};
		067CD8A71E463029004BC3CB /* ystrdyTests */ = {
			isa = PBXNativeTarget;
			buildConfigurationList = 067CD8B41E463029004BC3CB /* Build configuration list for PBXNativeTarget "ystrdyTests" */;
			buildPhases = (
				067CD8A41E463029004BC3CB /* Sources */,
				067CD8A51E463029004BC3CB /* Frameworks */,
				067CD8A61E463029004BC3CB /* Resources */,
			);
			buildRules = (
			);
			dependencies = (
				067CD8AA1E463029004BC3CB /* PBXTargetDependency */,
			);
			name = ystrdyTests;
			productName = ystrdyTests;
			productReference = 067CD8A81E463029004BC3CB /* ystrdyTests.xctest */;
			productType = "com.apple.product-type.bundle.unit-test";
		};
/* End PBXNativeTarget section */

/* Begin PBXProject section */
		067CD88C1E463028004BC3CB /* Project object */ = {
			isa = PBXProject;
			attributes = {
				LastSwiftUpdateCheck = 0810;
				LastUpgradeCheck = 0810;
				ORGANIZATIONNAME = theowl;
				TargetAttributes = {
					067CD8931E463028004BC3CB = {
						CreatedOnToolsVersion = 8.1;
						DevelopmentTeam = GGW8P5ZF85;
						ProvisioningStyle = Automatic;
					};
					067CD8A71E463029004BC3CB = {
						CreatedOnToolsVersion = 8.1;
						DevelopmentTeam = GGW8P5ZF85;
						ProvisioningStyle = Automatic;
						TestTargetID = 067CD8931E463028004BC3CB;
					};
				};
			};
			buildConfigurationList = 067CD88F1E463028004BC3CB /* Build configuration list for PBXProject "ystrdy" */;
			compatibilityVersion = "Xcode 3.2";
			developmentRegion = English;
			hasScannedForEncodings = 0;
			knownRegions = (
				en,
				Base,
			);
			mainGroup = 067CD88B1E463028004BC3CB;
			productRefGroup = 067CD8951E463028004BC3CB /* Products */;
			projectDirPath = "";
			projectRoot = "";
			targets = (
				067CD8931E463028004BC3CB /* ystrdy */,
				067CD8A71E463029004BC3CB /* ystrdyTests */,
			);
		};
/* End PBXProject section */

/* Begin PBXResourcesBuildPhase section */
		067CD8921E463028004BC3CB /* Resources */ = {
			isa = PBXResourcesBuildPhase;
			buildActionMask = 2147483647;
			files = (
				067CD8A21E463029004BC3CB /* LaunchScreen.storyboard in Resources */,
				067CD89F1E463029004BC3CB /* Assets.xcassets in Resources */,
				067CD89D1E463028004BC3CB /* Main.storyboard in Resources */,
			);
			runOnlyForDeploymentPostprocessing = 0;
		};
		067CD8A61E463029004BC3CB /* Resources */ = {
			isa = PBXResourcesBuildPhase;
			buildActionMask = 2147483647;
			files = (
			);
			runOnlyForDeploymentPostprocessing = 0;
		};
/* End PBXResourcesBuildPhase section */

/* Begin PBXShellScriptBuildPhase section */
		067CD8B71E46338E004BC3CB /* Crashlytics */ = {
			isa = PBXShellScriptBuildPhase;
			buildActionMask = 2147483647;
			files = (
			);
			inputPaths = (
			);
			name = Crashlytics;
			outputPaths = (
			);
			runOnlyForDeploymentPostprocessing = 0;
			shellPath = /bin/sh;
			shellScript = "./frameworks/Fabric.framework/run ea826076f6464abcf65b67898f68b3ab3755c824 7e4fb60a026f99e708be70a52c2f266a93a89e9eebf8bb4c06602e34de677e6b";
		};
		067CD8D11E463649004BC3CB /* Carthage */ = {
			isa = PBXShellScriptBuildPhase;
			buildActionMask = 2147483647;
			files = (
			);
			inputPaths = (
				"$(SRCROOT)/Carthage/Build/iOS/Alamofire.framework",
				"$(SRCROOT)/Carthage/Build/iOS/AlamofireImage.framework",
				"$(SRCROOT)/Carthage/Build/iOS/RxCocoa.framework",
				"$(SRCROOT)/Carthage/Build/iOS/RxDataSources.framework",
				"$(SRCROOT)/Carthage/Build/iOS/RxSwift.framework",
				"$(SRCROOT)/Carthage/Build/iOS/SnapKit.framework",
			);
			name = Carthage;
			outputPaths = (
			);
			runOnlyForDeploymentPostprocessing = 0;
			shellPath = /bin/sh;
			shellScript = "/usr/local/bin/carthage copy-frameworks";
		};
/* End PBXShellScriptBuildPhase section */

/* Begin PBXSourcesBuildPhase section */
		067CD8901E463028004BC3CB /* Sources */ = {
			isa = PBXSourcesBuildPhase;
			buildActionMask = 2147483647;
			files = (
				067CD89A1E463028004BC3CB /* ViewController.swift in Sources */,
				0C81F5BE1E4912B9008940FB /* UIColor+Ystrdy.swift in Sources */,
				0C6DCC3E1E48FA93004432E6 /* Serialization.swift in Sources */,
				0C81F5B41E490A97008940FB /* WeatherUndergroundRouter.swift in Sources */,
				0C81F5B11E490A12008940FB /* API.swift in Sources */,
				0C81F5BB1E490B51008940FB /* WeatherDifferenceViewModel.swift in Sources */,
				067CD8981E463028004BC3CB /* AppDelegate.swift in Sources */,
				0C81F5B81E490B14008940FB /* YesterdayTemp.swift in Sources */,
				0C81F5B61E490AE7008940FB /* CurrentTemp.swift in Sources */,
			);
			runOnlyForDeploymentPostprocessing = 0;
		};
		067CD8A41E463029004BC3CB /* Sources */ = {
			isa = PBXSourcesBuildPhase;
			buildActionMask = 2147483647;
			files = (
				067CD8AD1E463029004BC3CB /* ystrdyTests.swift in Sources */,
			);
			runOnlyForDeploymentPostprocessing = 0;
		};
/* End PBXSourcesBuildPhase section */

/* Begin PBXTargetDependency section */
		067CD8AA1E463029004BC3CB /* PBXTargetDependency */ = {
			isa = PBXTargetDependency;
			target = 067CD8931E463028004BC3CB /* ystrdy */;
			targetProxy = 067CD8A91E463029004BC3CB /* PBXContainerItemProxy */;
		};
/* End PBXTargetDependency section */

/* Begin PBXVariantGroup section */
		067CD89B1E463028004BC3CB /* Main.storyboard */ = {
			isa = PBXVariantGroup;
			children = (
				067CD89C1E463028004BC3CB /* Base */,
			);
			name = Main.storyboard;
			sourceTree = "<group>";
		};
		067CD8A01E463029004BC3CB /* LaunchScreen.storyboard */ = {
			isa = PBXVariantGroup;
			children = (
				067CD8A11E463029004BC3CB /* Base */,
			);
			name = LaunchScreen.storyboard;
			sourceTree = "<group>";
		};
/* End PBXVariantGroup section */

/* Begin XCBuildConfiguration section */
		067CD8AF1E463029004BC3CB /* Debug */ = {
			isa = XCBuildConfiguration;
			buildSettings = {
				ALWAYS_SEARCH_USER_PATHS = NO;
				CLANG_ANALYZER_NONNULL = YES;
				CLANG_CXX_LANGUAGE_STANDARD = "gnu++0x";
				CLANG_CXX_LIBRARY = "libc++";
				CLANG_ENABLE_MODULES = YES;
				CLANG_ENABLE_OBJC_ARC = YES;
				CLANG_WARN_BOOL_CONVERSION = YES;
				CLANG_WARN_CONSTANT_CONVERSION = YES;
				CLANG_WARN_DIRECT_OBJC_ISA_USAGE = YES_ERROR;
				CLANG_WARN_DOCUMENTATION_COMMENTS = YES;
				CLANG_WARN_EMPTY_BODY = YES;
				CLANG_WARN_ENUM_CONVERSION = YES;
				CLANG_WARN_INFINITE_RECURSION = YES;
				CLANG_WARN_INT_CONVERSION = YES;
				CLANG_WARN_OBJC_ROOT_CLASS = YES_ERROR;
				CLANG_WARN_SUSPICIOUS_MOVES = YES;
				CLANG_WARN_UNREACHABLE_CODE = YES;
				CLANG_WARN__DUPLICATE_METHOD_MATCH = YES;
				"CODE_SIGN_IDENTITY[sdk=iphoneos*]" = "iPhone Developer";
				COPY_PHASE_STRIP = NO;
				DEBUG_INFORMATION_FORMAT = dwarf;
				ENABLE_STRICT_OBJC_MSGSEND = YES;
				ENABLE_TESTABILITY = YES;
				GCC_C_LANGUAGE_STANDARD = gnu99;
				GCC_DYNAMIC_NO_PIC = NO;
				GCC_NO_COMMON_BLOCKS = YES;
				GCC_OPTIMIZATION_LEVEL = 0;
				GCC_PREPROCESSOR_DEFINITIONS = (
					"DEBUG=1",
					"$(inherited)",
				);
				GCC_WARN_64_TO_32_BIT_CONVERSION = YES;
				GCC_WARN_ABOUT_RETURN_TYPE = YES_ERROR;
				GCC_WARN_UNDECLARED_SELECTOR = YES;
				GCC_WARN_UNINITIALIZED_AUTOS = YES_AGGRESSIVE;
				GCC_WARN_UNUSED_FUNCTION = YES;
				GCC_WARN_UNUSED_VARIABLE = YES;
				IPHONEOS_DEPLOYMENT_TARGET = 10.1;
				MTL_ENABLE_DEBUG_INFO = YES;
				ONLY_ACTIVE_ARCH = YES;
				SDKROOT = iphoneos;
				SWIFT_ACTIVE_COMPILATION_CONDITIONS = DEBUG;
				SWIFT_OPTIMIZATION_LEVEL = "-Onone";
			};
			name = Debug;
		};
		067CD8B01E463029004BC3CB /* Release */ = {
			isa = XCBuildConfiguration;
			buildSettings = {
				ALWAYS_SEARCH_USER_PATHS = NO;
				CLANG_ANALYZER_NONNULL = YES;
				CLANG_CXX_LANGUAGE_STANDARD = "gnu++0x";
				CLANG_CXX_LIBRARY = "libc++";
				CLANG_ENABLE_MODULES = YES;
				CLANG_ENABLE_OBJC_ARC = YES;
				CLANG_WARN_BOOL_CONVERSION = YES;
				CLANG_WARN_CONSTANT_CONVERSION = YES;
				CLANG_WARN_DIRECT_OBJC_ISA_USAGE = YES_ERROR;
				CLANG_WARN_DOCUMENTATION_COMMENTS = YES;
				CLANG_WARN_EMPTY_BODY = YES;
				CLANG_WARN_ENUM_CONVERSION = YES;
				CLANG_WARN_INFINITE_RECURSION = YES;
				CLANG_WARN_INT_CONVERSION = YES;
				CLANG_WARN_OBJC_ROOT_CLASS = YES_ERROR;
				CLANG_WARN_SUSPICIOUS_MOVES = YES;
				CLANG_WARN_UNREACHABLE_CODE = YES;
				CLANG_WARN__DUPLICATE_METHOD_MATCH = YES;
				"CODE_SIGN_IDENTITY[sdk=iphoneos*]" = "iPhone Developer";
				COPY_PHASE_STRIP = NO;
				DEBUG_INFORMATION_FORMAT = "dwarf-with-dsym";
				ENABLE_NS_ASSERTIONS = NO;
				ENABLE_STRICT_OBJC_MSGSEND = YES;
				GCC_C_LANGUAGE_STANDARD = gnu99;
				GCC_NO_COMMON_BLOCKS = YES;
				GCC_WARN_64_TO_32_BIT_CONVERSION = YES;
				GCC_WARN_ABOUT_RETURN_TYPE = YES_ERROR;
				GCC_WARN_UNDECLARED_SELECTOR = YES;
				GCC_WARN_UNINITIALIZED_AUTOS = YES_AGGRESSIVE;
				GCC_WARN_UNUSED_FUNCTION = YES;
				GCC_WARN_UNUSED_VARIABLE = YES;
				IPHONEOS_DEPLOYMENT_TARGET = 10.1;
				MTL_ENABLE_DEBUG_INFO = NO;
				SDKROOT = iphoneos;
				SWIFT_OPTIMIZATION_LEVEL = "-Owholemodule";
				VALIDATE_PRODUCT = YES;
			};
			name = Release;
		};
		067CD8B21E463029004BC3CB /* Debug */ = {
			isa = XCBuildConfiguration;
			buildSettings = {
				ASSETCATALOG_COMPILER_APPICON_NAME = AppIcon;
				DEVELOPMENT_TEAM = GGW8P5ZF85;
				FRAMEWORK_SEARCH_PATHS = (
					"$(inherited)",
					"$(PROJECT_DIR)",
					"$(PROJECT_DIR)/frameworks",
					"$(PROJECT_DIR)/Carthage/Build/iOS",
				);
				INFOPLIST_FILE = ystrdy/Info.plist;
				LD_RUNPATH_SEARCH_PATHS = "$(inherited) @executable_path/Frameworks";
				PRODUCT_BUNDLE_IDENTIFIER = ai.theowl.ystrdy;
				PRODUCT_NAME = "$(TARGET_NAME)";
				SWIFT_VERSION = 3.0;
			};
			name = Debug;
		};
		067CD8B31E463029004BC3CB /* Release */ = {
			isa = XCBuildConfiguration;
			buildSettings = {
				ASSETCATALOG_COMPILER_APPICON_NAME = AppIcon;
				DEVELOPMENT_TEAM = GGW8P5ZF85;
				FRAMEWORK_SEARCH_PATHS = (
					"$(inherited)",
					"$(PROJECT_DIR)",
					"$(PROJECT_DIR)/frameworks",
					"$(PROJECT_DIR)/Carthage/Build/iOS",
				);
				INFOPLIST_FILE = ystrdy/Info.plist;
				LD_RUNPATH_SEARCH_PATHS = "$(inherited) @executable_path/Frameworks";
				PRODUCT_BUNDLE_IDENTIFIER = ai.theowl.ystrdy;
				PRODUCT_NAME = "$(TARGET_NAME)";
				SWIFT_VERSION = 3.0;
			};
			name = Release;
		};
		067CD8B51E463029004BC3CB /* Debug */ = {
			isa = XCBuildConfiguration;
			buildSettings = {
				ALWAYS_EMBED_SWIFT_STANDARD_LIBRARIES = YES;
				BUNDLE_LOADER = "$(TEST_HOST)";
				DEVELOPMENT_TEAM = GGW8P5ZF85;
				INFOPLIST_FILE = ystrdyTests/Info.plist;
				LD_RUNPATH_SEARCH_PATHS = "$(inherited) @executable_path/Frameworks @loader_path/Frameworks";
				PRODUCT_BUNDLE_IDENTIFIER = ai.theowl.ystrdyTests;
				PRODUCT_NAME = "$(TARGET_NAME)";
				SWIFT_VERSION = 3.0;
				TEST_HOST = "$(BUILT_PRODUCTS_DIR)/ystrdy.app/ystrdy";
			};
			name = Debug;
		};
		067CD8B61E463029004BC3CB /* Release */ = {
			isa = XCBuildConfiguration;
			buildSettings = {
				ALWAYS_EMBED_SWIFT_STANDARD_LIBRARIES = YES;
				BUNDLE_LOADER = "$(TEST_HOST)";
				DEVELOPMENT_TEAM = GGW8P5ZF85;
				INFOPLIST_FILE = ystrdyTests/Info.plist;
				LD_RUNPATH_SEARCH_PATHS = "$(inherited) @executable_path/Frameworks @loader_path/Frameworks";
				PRODUCT_BUNDLE_IDENTIFIER = ai.theowl.ystrdyTests;
				PRODUCT_NAME = "$(TARGET_NAME)";
				SWIFT_VERSION = 3.0;
				TEST_HOST = "$(BUILT_PRODUCTS_DIR)/ystrdy.app/ystrdy";
			};
			name = Release;
		};
/* End XCBuildConfiguration section */

/* Begin XCConfigurationList section */
		067CD88F1E463028004BC3CB /* Build configuration list for PBXProject "ystrdy" */ = {
			isa = XCConfigurationList;
			buildConfigurations = (
				067CD8AF1E463029004BC3CB /* Debug */,
				067CD8B01E463029004BC3CB /* Release */,
			);
			defaultConfigurationIsVisible = 0;
			defaultConfigurationName = Release;
		};
		067CD8B11E463029004BC3CB /* Build configuration list for PBXNativeTarget "ystrdy" */ = {
			isa = XCConfigurationList;
			buildConfigurations = (
				067CD8B21E463029004BC3CB /* Debug */,
				067CD8B31E463029004BC3CB /* Release */,
			);
			defaultConfigurationIsVisible = 0;
			defaultConfigurationName = Release;
		};
		067CD8B41E463029004BC3CB /* Build configuration list for PBXNativeTarget "ystrdyTests" */ = {
			isa = XCConfigurationList;
			buildConfigurations = (
				067CD8B51E463029004BC3CB /* Debug */,
				067CD8B61E463029004BC3CB /* Release */,
			);
			defaultConfigurationIsVisible = 0;
			defaultConfigurationName = Release;
		};
/* End XCConfigurationList section */
	};
	rootObject = 067CD88C1E463028004BC3CB /* Project object */;
}
